schema: '2.0'
stages:
  data_ingestion:
    cmd: python src/data/data_ingestion.py
    deps:
    - path: src/data/data_ingestion.py
      hash: md5
      md5: ab56da0d74aad0553b9b194e1ffc0fd3
      size: 3094
    params:
      params.yaml:
        data_ingestion.test_size: 0.5
    outs:
    - path: data/raw
      hash: md5
      md5: 4dddfce067102d7e6866fc3970675dbb.dir
      size: 817597
      nfiles: 2
  data_preprocessing:
    cmd: python src/data/data_preprocessing.py
    deps:
    - path: data/raw
      hash: md5
      md5: 4dddfce067102d7e6866fc3970675dbb.dir
      size: 817597
      nfiles: 2
    - path: src/data/data_preprocessing.py
      hash: md5
      md5: bc247dfa70b08fe250ff856adb36ff4a
      size: 2431
    outs:
    - path: data/processed
      hash: md5
      md5: 915d688fd54545e7222037cf227e1747.dir
      size: 605486
      nfiles: 2
  feature_engineering:
    cmd: python src/features/feature_engineering.py
    deps:
    - path: data/processed
      hash: md5
      md5: 915d688fd54545e7222037cf227e1747.dir
      size: 605486
      nfiles: 2
    - path: src/features/feature_engineering.py
      hash: md5
      md5: 3c0c1148d0ca6070a32b8af750cab3f4
      size: 3960
    params:
      params.yaml:
        feature_engineering.max_features: 60
    outs:
    - path: data/features/test_tfidf.csv
      hash: md5
      md5: 49003516c1493a228c5cd7dbba1af84b
      size: 1158779
    - path: data/features/train_tfidf.csv
      hash: md5
      md5: f9d01ba753be1fef124bd58f36183400
      size: 1159351
  model_building:
    cmd: python src/model/model_building.py
    deps:
    - path: data/features/test_tfidf.csv
      hash: md5
      md5: 49003516c1493a228c5cd7dbba1af84b
      size: 1158779
    - path: data/features/train_tfidf.csv
      hash: md5
      md5: f9d01ba753be1fef124bd58f36183400
      size: 1159351
    - path: src/model/model_building.py
      hash: md5
      md5: 0fde49619e0f2de7107dc910a5dee355
      size: 1348
    params:
      params.yaml:
        model_building.learning_rate: 0.3
        model_building.n_estimators: 50
    outs:
    - path: model/model.pkl
      hash: md5
      md5: 1123165ea64866e1e35f56c7c0ffa27b
      size: 69995
  model_evaluation:
    cmd: python src/model/model_evaluation.py
    deps:
    - path: data/features/test_tfidf.csv
      hash: md5
      md5: 49003516c1493a228c5cd7dbba1af84b
      size: 1158779
    - path: model/model.pkl
      hash: md5
      md5: 1123165ea64866e1e35f56c7c0ffa27b
      size: 69995
    - path: src/model/model_evaluation.py
      hash: md5
      md5: fbeb9331475992a8071e03fdcfde3a6f
      size: 1166
    outs:
    - path: metrics/metrics.json
      hash: md5
      md5: e8f43f48fdcac86df693fafc64ccbe37
      size: 140
