schema: '2.0'
stages:
  data_ingestion:
    cmd: python src/data/data_ingestion.py
    deps:
    - path: src/data/data_ingestion.py
      hash: md5
      md5: ab56da0d74aad0553b9b194e1ffc0fd3
      size: 3094
    params:
      params.yaml:
        data_ingestion.test_size: 0.5
    outs:
    - path: data/raw
      hash: md5
      md5: 4dddfce067102d7e6866fc3970675dbb.dir
      size: 817597
      nfiles: 2
  data_preprocessing:
    cmd: python src/data/data_preprocessing.py
    deps:
    - path: data/raw
      hash: md5
      md5: 4dddfce067102d7e6866fc3970675dbb.dir
      size: 817597
      nfiles: 2
    - path: src/data/data_preprocessing.py
      hash: md5
      md5: bc247dfa70b08fe250ff856adb36ff4a
      size: 2431
    outs:
    - path: data/processed
      hash: md5
      md5: 915d688fd54545e7222037cf227e1747.dir
      size: 605486
      nfiles: 2
  feature_engineering:
    cmd: python src/features/feature_engineering.py
    deps:
    - path: data/processed
      hash: md5
      md5: 915d688fd54545e7222037cf227e1747.dir
      size: 605486
      nfiles: 2
    - path: src/features/feature_engineering.py
      hash: md5
      md5: 9756b6305919e17b49552ee069802b06
      size: 1223
    params:
      params.yaml:
        feature_engineering.max_features: 60
    outs:
    - path: data/features
      hash: md5
      md5: 4b300bfff3e59fec4b1aa5e4a95b2efd.dir
      size: 1108092
      nfiles: 2
  model_building:
    cmd: python src/model/model_building.py
    deps:
    - path: data/features
      hash: md5
      md5: 4b300bfff3e59fec4b1aa5e4a95b2efd.dir
      size: 1108092
      nfiles: 2
    - path: src/model/model_building.py
      hash: md5
      md5: c84b111a9f09c686d388e5b086e271fb
      size: 473
    params:
      params.yaml:
        model_building.learning_rate: 0.3
        model_building.n_estimators: 50
    outs:
    - path: model.pkl
      hash: md5
      md5: 29b6dcd6c97bd7f7b84b62f0ecbe86f8
      size: 72172
  model_evaluation:
    cmd: python src/model/model_evaluation.py
    deps:
    - path: model.pkl
      hash: md5
      md5: 29b6dcd6c97bd7f7b84b62f0ecbe86f8
      size: 72172
    - path: src/model/model_evaluation.py
      hash: md5
      md5: 8b0b387988c004b0ff19511c9af9dfee
      size: 856
    outs:
    - path: metrics.json
      hash: md5
      md5: a1232468ed59314b0d5bbcb883a90eca
      size: 140 # 123
